// !$*UTF8*$!
{
	archiveVersion = 1;
	classes = {
	};
	objectVersion = 46;
	objects = {

/* Begin PBXBuildFile section */
		381B01491D8262E7002311B2 /* Wrapper.mm in Sources */ = {isa = PBXBuildFile; fileRef = 381B01441D8262E7002311B2 /* Wrapper.mm */; };
		381B014E1D82635E002311B2 /* opencv2.framework in Frameworks */ = {isa = PBXBuildFile; fileRef = 381B014D1D82635E002311B2 /* opencv2.framework */; };
		381B017C1D82A40E002311B2 /* Wrapper.cpp in Sources */ = {isa = PBXBuildFile; fileRef = 381B017A1D82A40E002311B2 /* Wrapper.cpp */; };
		381B01801D82B40D002311B2 /* libkcf.a in Frameworks */ = {isa = PBXBuildFile; fileRef = 381B017F1D82B40D002311B2 /* libkcf.a */; };
		3867F6671D6D554F00E660BB /* AppDelegate.swift in Sources */ = {isa = PBXBuildFile; fileRef = 3867F6661D6D554F00E660BB /* AppDelegate.swift */; };
		3867F6691D6D554F00E660BB /* ViewController.swift in Sources */ = {isa = PBXBuildFile; fileRef = 3867F6681D6D554F00E660BB /* ViewController.swift */; };
		3867F66C1D6D554F00E660BB /* Main.storyboard in Resources */ = {isa = PBXBuildFile; fileRef = 3867F66A1D6D554F00E660BB /* Main.storyboard */; };
		3867F66E1D6D554F00E660BB /* Assets.xcassets in Resources */ = {isa = PBXBuildFile; fileRef = 3867F66D1D6D554F00E660BB /* Assets.xcassets */; };
		3867F6711D6D554F00E660BB /* LaunchScreen.storyboard in Resources */ = {isa = PBXBuildFile; fileRef = 3867F66F1D6D554F00E660BB /* LaunchScreen.storyboard */; };
		3867F6791D771F7D00E660BB /* Accelerate.framework in Frameworks */ = {isa = PBXBuildFile; fileRef = 3867F6781D771F7D00E660BB /* Accelerate.framework */; };
/* End PBXBuildFile section */

/* Begin PBXFileReference section */
		381B01441D8262E7002311B2 /* Wrapper.mm */ = {isa = PBXFileReference; fileEncoding = 4; lastKnownFileType = sourcecode.cpp.objcpp; path = Wrapper.mm; sourceTree = "<group>"; };
		381B01471D8262E7002311B2 /* Wrapper.h */ = {isa = PBXFileReference; fileEncoding = 4; lastKnownFileType = sourcecode.c.h; path = Wrapper.h; sourceTree = "<group>"; };
		381B014A1D826315002311B2 /* Tracker-Bridging-Header.h */ = {isa = PBXFileReference; lastKnownFileType = sourcecode.c.h; path = "Tracker-Bridging-Header.h"; sourceTree = "<group>"; };
		381B014D1D82635E002311B2 /* opencv2.framework */ = {isa = PBXFileReference; lastKnownFileType = wrapper.framework; name = opencv2.framework; path = "../../Downloads/opencv-2.4.13/opencv2.framework"; sourceTree = "<group>"; };
		381B017A1D82A40E002311B2 /* Wrapper.cpp */ = {isa = PBXFileReference; fileEncoding = 4; lastKnownFileType = sourcecode.cpp.cpp; name = Wrapper.cpp; path = ../Wrapper.cpp; sourceTree = "<group>"; };
		381B017B1D82A40E002311B2 /* Wrapper.hpp */ = {isa = PBXFileReference; fileEncoding = 4; lastKnownFileType = sourcecode.cpp.h; name = Wrapper.hpp; path = ../Wrapper.hpp; sourceTree = "<group>"; };
		381B017D1D82B10B002311B2 /* kcftracker.hpp */ = {isa = PBXFileReference; lastKnownFileType = sourcecode.cpp.h; name = kcftracker.hpp; path = ../kcftracker.hpp; sourceTree = "<group>"; };
		381B017E1D82B142002311B2 /* tracker.h */ = {isa = PBXFileReference; lastKnownFileType = sourcecode.c.h; name = tracker.h; path = ../tracker.h; sourceTree = "<group>"; };
		381B017F1D82B40D002311B2 /* libkcf.a */ = {isa = PBXFileReference; lastKnownFileType = archive.ar; name = libkcf.a; path = "../../Downloads/KCFcpp-master/build/libkcf.a"; sourceTree = "<group>"; };
		381B01811D82B7B7002311B2 /* Tracker-Prefix.pch */ = {isa = PBXFileReference; lastKnownFileType = sourcecode.c.h; path = "Tracker-Prefix.pch"; sourceTree = "<group>"; };
		3867F6631D6D554F00E660BB /* Tracker.app */ = {isa = PBXFileReference; explicitFileType = wrapper.application; includeInIndex = 0; path = Tracker.app; sourceTree = BUILT_PRODUCTS_DIR; };
		3867F6661D6D554F00E660BB /* AppDelegate.swift */ = {isa = PBXFileReference; lastKnownFileType = sourcecode.swift; path = AppDelegate.swift; sourceTree = "<group>"; };
		3867F6681D6D554F00E660BB /* ViewController.swift */ = {isa = PBXFileReference; lastKnownFileType = sourcecode.swift; path = ViewController.swift; sourceTree = "<group>"; };
		3867F66B1D6D554F00E660BB /* Base */ = {isa = PBXFileReference; lastKnownFileType = file.storyboard; name = Base; path = Base.lproj/Main.storyboard; sourceTree = "<group>"; };
		3867F66D1D6D554F00E660BB /* Assets.xcassets */ = {isa = PBXFileReference; lastKnownFileType = folder.assetcatalog; path = Assets.xcassets; sourceTree = "<group>"; };
		3867F6701D6D554F00E660BB /* Base */ = {isa = PBXFileReference; lastKnownFileType = file.storyboard; name = Base; path = Base.lproj/LaunchScreen.storyboard; sourceTree = "<group>"; };
		3867F6721D6D554F00E660BB /* Info.plist */ = {isa = PBXFileReference; lastKnownFileType = text.plist.xml; path = Info.plist; sourceTree = "<group>"; };
		3867F6781D771F7D00E660BB /* Accelerate.framework */ = {isa = PBXFileReference; lastKnownFileType = wrapper.framework; name = Accelerate.framework; path = System/Library/Frameworks/Accelerate.framework; sourceTree = SDKROOT; };
/* End PBXFileReference section */

/* Begin PBXFrameworksBuildPhase section */
		3867F6601D6D554F00E660BB /* Frameworks */ = {
			isa = PBXFrameworksBuildPhase;
			buildActionMask = 2147483647;
			files = (
				381B01801D82B40D002311B2 /* libkcf.a in Frameworks */,
				381B014E1D82635E002311B2 /* opencv2.framework in Frameworks */,
				3867F6791D771F7D00E660BB /* Accelerate.framework in Frameworks */,
			);
			runOnlyForDeploymentPostprocessing = 0;
		};
/* End PBXFrameworksBuildPhase section */

/* Begin PBXGroup section */
		3867F65A1D6D554F00E660BB = {
			isa = PBXGroup;
			children = (
				381B017F1D82B40D002311B2 /* libkcf.a */,
				381B014D1D82635E002311B2 /* opencv2.framework */,
				3867F6781D771F7D00E660BB /* Accelerate.framework */,
				3867F6651D6D554F00E660BB /* Tracker */,
				3867F6641D6D554F00E660BB /* Products */,
			);
			sourceTree = "<group>";
		};
		3867F6641D6D554F00E660BB /* Products */ = {
			isa = PBXGroup;
			children = (
				3867F6631D6D554F00E660BB /* Tracker.app */,
			);
			name = Products;
			sourceTree = "<group>";
		};
		3867F6651D6D554F00E660BB /* Tracker */ = {
			isa = PBXGroup;
			children = (
				381B017A1D82A40E002311B2 /* Wrapper.cpp */,
				381B017B1D82A40E002311B2 /* Wrapper.hpp */,
				381B017D1D82B10B002311B2 /* kcftracker.hpp */,
				381B017E1D82B142002311B2 /* tracker.h */,
				3867F6661D6D554F00E660BB /* AppDelegate.swift */,
				3867F6681D6D554F00E660BB /* ViewController.swift */,
				3867F66A1D6D554F00E660BB /* Main.storyboard */,
				3867F66D1D6D554F00E660BB /* Assets.xcassets */,
				3867F66F1D6D554F00E660BB /* LaunchScreen.storyboard */,
				3867F6721D6D554F00E660BB /* Info.plist */,
				381B01441D8262E7002311B2 /* Wrapper.mm */,
				381B01471D8262E7002311B2 /* Wrapper.h */,
				381B01811D82B7B7002311B2 /* Tracker-Prefix.pch */,
				381B014A1D826315002311B2 /* Tracker-Bridging-Header.h */,
			);
			path = Tracker;
			sourceTree = "<group>";
		};
/* End PBXGroup section */

/* Begin PBXNativeTarget section */
		3867F6621D6D554F00E660BB /* Tracker */ = {
			isa = PBXNativeTarget;
			buildConfigurationList = 3867F6751D6D554F00E660BB /* Build configuration list for PBXNativeTarget "Tracker" */;
			buildPhases = (
				3867F65F1D6D554F00E660BB /* Sources */,
				3867F6601D6D554F00E660BB /* Frameworks */,
				3867F6611D6D554F00E660BB /* Resources */,
			);
			buildRules = (
			);
			dependencies = (
			);
			name = Tracker;
			productName = Tracker;
			productReference = 3867F6631D6D554F00E660BB /* Tracker.app */;
			productType = "com.apple.product-type.application";
		};
/* End PBXNativeTarget section */

/* Begin PBXProject section */
		3867F65B1D6D554F00E660BB /* Project object */ = {
			isa = PBXProject;
			attributes = {
				LastSwiftUpdateCheck = 0730;
				LastUpgradeCheck = 0730;
				ORGANIZATIONNAME = "InPsi Inc";
				TargetAttributes = {
					3867F6621D6D554F00E660BB = {
						CreatedOnToolsVersion = 7.3.1;
						DevelopmentTeam = 5TS8FZY5Q5;
						LastSwiftMigration = 0830;
					};
				};
			};
			buildConfigurationList = 3867F65E1D6D554F00E660BB /* Build configuration list for PBXProject "Tracker" */;
			compatibilityVersion = "Xcode 3.2";
			developmentRegion = English;
			hasScannedForEncodings = 0;
			knownRegions = (
				en,
				Base,
			);
			mainGroup = 3867F65A1D6D554F00E660BB;
			productRefGroup = 3867F6641D6D554F00E660BB /* Products */;
			projectDirPath = "";
			projectRoot = "";
			targets = (
				3867F6621D6D554F00E660BB /* Tracker */,
			);
		};
/* End PBXProject section */

/* Begin PBXResourcesBuildPhase section */
		3867F6611D6D554F00E660BB /* Resources */ = {
			isa = PBXResourcesBuildPhase;
			buildActionMask = 2147483647;
			files = (
				3867F6711D6D554F00E660BB /* LaunchScreen.storyboard in Resources */,
				3867F66E1D6D554F00E660BB /* Assets.xcassets in Resources */,
				3867F66C1D6D554F00E660BB /* Main.storyboard in Resources */,
			);
			runOnlyForDeploymentPostprocessing = 0;
		};
/* End PBXResourcesBuildPhase section */

/* Begin PBXSourcesBuildPhase section */
		3867F65F1D6D554F00E660BB /* Sources */ = {
			isa = PBXSourcesBuildPhase;
			buildActionMask = 2147483647;
			files = (
				381B01491D8262E7002311B2 /* Wrapper.mm in Sources */,
				381B017C1D82A40E002311B2 /* Wrapper.cpp in Sources */,
				3867F6691D6D554F00E660BB /* ViewController.swift in Sources */,
				3867F6671D6D554F00E660BB /* AppDelegate.swift in Sources */,
			);
			runOnlyForDeploymentPostprocessing = 0;
		};
/* End PBXSourcesBuildPhase section */

/* Begin PBXVariantGroup section */
		3867F66A1D6D554F00E660BB /* Main.storyboard */ = {
			isa = PBXVariantGroup;
			children = (
				3867F66B1D6D554F00E660BB /* Base */,
			);
			name = Main.storyboard;
			sourceTree = "<group>";
		};
		3867F66F1D6D554F00E660BB /* LaunchScreen.storyboard */ = {
			isa = PBXVariantGroup;
			children = (
				3867F6701D6D554F00E660BB /* Base */,
			);
			name = LaunchScreen.storyboard;
			sourceTree = "<group>";
		};
/* End PBXVariantGroup section */

/* Begin XCBuildConfiguration section */
		3867F6731D6D554F00E660BB /* Debug */ = {
			isa = XCBuildConfiguration;
			buildSettings = {
				ALWAYS_SEARCH_USER_PATHS = NO;
				CLANG_ANALYZER_NONNULL = YES;
				CLANG_CXX_LANGUAGE_STANDARD = "gnu++0x";
				CLANG_CXX_LIBRARY = "libc++";
				CLANG_ENABLE_MODULES = YES;
				CLANG_ENABLE_OBJC_ARC = YES;
				CLANG_WARN_BOOL_CONVERSION = YES;
				CLANG_WARN_CONSTANT_CONVERSION = YES;
				CLANG_WARN_DIRECT_OBJC_ISA_USAGE = YES_ERROR;
				CLANG_WARN_EMPTY_BODY = YES;
				CLANG_WARN_ENUM_CONVERSION = YES;
				CLANG_WARN_INT_CONVERSION = YES;
				CLANG_WARN_OBJC_ROOT_CLASS = YES_ERROR;
				CLANG_WARN_UNREACHABLE_CODE = YES;
				CLANG_WARN__DUPLICATE_METHOD_MATCH = YES;
				"CODE_SIGN_IDENTITY[sdk=iphoneos*]" = "iPhone Developer";
				COPY_PHASE_STRIP = NO;
				DEBUG_INFORMATION_FORMAT = dwarf;
				ENABLE_STRICT_OBJC_MSGSEND = YES;
				ENABLE_TESTABILITY = YES;
				GCC_C_LANGUAGE_STANDARD = gnu99;
				GCC_DYNAMIC_NO_PIC = NO;
				GCC_NO_COMMON_BLOCKS = YES;
				GCC_OPTIMIZATION_LEVEL = 0;
				GCC_PREPROCESSOR_DEFINITIONS = (
					"DEBUG=1",
					"$(inherited)",
				);
				GCC_WARN_64_TO_32_BIT_CONVERSION = YES;
				GCC_WARN_ABOUT_RETURN_TYPE = YES_ERROR;
				GCC_WARN_UNDECLARED_SELECTOR = YES;
				GCC_WARN_UNINITIALIZED_AUTOS = YES_AGGRESSIVE;
				GCC_WARN_UNUSED_FUNCTION = YES;
				GCC_WARN_UNUSED_VARIABLE = YES;
				IPHONEOS_DEPLOYMENT_TARGET = 9.3;
				MTL_ENABLE_DEBUG_INFO = YES;
				ONLY_ACTIVE_ARCH = YES;
				SDKROOT = iphoneos;
				SWIFT_OPTIMIZATION_LEVEL = "-Onone";
				TARGETED_DEVICE_FAMILY = "1,2";
			};
			name = Debug;
		};
		3867F6741D6D554F00E660BB /* Release */ = {
			isa = XCBuildConfiguration;
			buildSettings = {
				ALWAYS_SEARCH_USER_PATHS = NO;
				CLANG_ANALYZER_NONNULL = YES;
				CLANG_CXX_LANGUAGE_STANDARD = "gnu++0x";
				CLANG_CXX_LIBRARY = "libc++";
				CLANG_ENABLE_MODULES = YES;
				CLANG_ENABLE_OBJC_ARC = YES;
				CLANG_WARN_BOOL_CONVERSION = YES;
				CLANG_WARN_CONSTANT_CONVERSION = YES;
				CLANG_WARN_DIRECT_OBJC_ISA_USAGE = YES_ERROR;
				CLANG_WARN_EMPTY_BODY = YES;
				CLANG_WARN_ENUM_CONVERSION = YES;
				CLANG_WARN_INT_CONVERSION = YES;
				CLANG_WARN_OBJC_ROOT_CLASS = YES_ERROR;
				CLANG_WARN_UNREACHABLE_CODE = YES;
				CLANG_WARN__DUPLICATE_METHOD_MATCH = YES;
				"CODE_SIGN_IDENTITY[sdk=iphoneos*]" = "iPhone Developer";
				COPY_PHASE_STRIP = NO;
				DEBUG_INFORMATION_FORMAT = "dwarf-with-dsym";
				ENABLE_NS_ASSERTIONS = NO;
				ENABLE_STRICT_OBJC_MSGSEND = YES;
				GCC_C_LANGUAGE_STANDARD = gnu99;
				GCC_NO_COMMON_BLOCKS = YES;
				GCC_WARN_64_TO_32_BIT_CONVERSION = YES;
				GCC_WARN_ABOUT_RETURN_TYPE = YES_ERROR;
				GCC_WARN_UNDECLARED_SELECTOR = YES;
				GCC_WARN_UNINITIALIZED_AUTOS = YES_AGGRESSIVE;
				GCC_WARN_UNUSED_FUNCTION = YES;
				GCC_WARN_UNUSED_VARIABLE = YES;
				IPHONEOS_DEPLOYMENT_TARGET = 9.3;
				MTL_ENABLE_DEBUG_INFO = NO;
				SDKROOT = iphoneos;
				TARGETED_DEVICE_FAMILY = "1,2";
				VALIDATE_PRODUCT = YES;
			};
			name = Release;
		};
		3867F6761D6D554F00E660BB /* Debug */ = {
			isa = XCBuildConfiguration;
			buildSettings = {
				ASSETCATALOG_COMPILER_APPICON_NAME = AppIcon;
				CLANG_CXX_LANGUAGE_STANDARD = "c++0x";
				CLANG_ENABLE_MODULES = YES;
				CODE_SIGN_IDENTITY = "iPhone Developer";
				"CODE_SIGN_IDENTITY[sdk=iphoneos*]" = "iPhone Developer";
				FRAMEWORK_SEARCH_PATHS = "/Users/guoj/Downloads/opencv-2.4.13";
				GCC_INPUT_FILETYPE = sourcecode.c.objc;
				GCC_PRECOMPILE_PREFIX_HEADER = YES;
				GCC_PREFIX_HEADER = "Tracker/Tracker-Prefix.pch";
				HEADER_SEARCH_PATHS = (
					"/Users/guoj/Downloads/KCFcpp-master/src",
					"/Users/guoj/Downloads/opencv-2.4.13/include/opencv2",
				);
				INFOPLIST_FILE = Tracker/Info.plist;
				LD_RUNPATH_SEARCH_PATHS = "$(inherited) @executable_path/Frameworks";
				PRODUCT_BUNDLE_IDENTIFIER = Jack.Tracker;
				PRODUCT_NAME = "$(TARGET_NAME)";
				PROVISIONING_PROFILE = "";
				SWIFT_OBJC_BRIDGING_HEADER = "Tracker/Tracker-Bridging-Header.h";
				SWIFT_OPTIMIZATION_LEVEL = "-Onone";
				SWIFT_VERSION = 3.0;
			};
			name = Debug;
		};
		3867F6771D6D554F00E660BB /* Release */ = {
			isa = XCBuildConfiguration;
			buildSettings = {
				ASSETCATALOG_COMPILER_APPICON_NAME = AppIcon;
				CLANG_CXX_LANGUAGE_STANDARD = "c++0x";
				CLANG_ENABLE_MODULES = YES;
				CODE_SIGN_IDENTITY = "iPhone Developer";
				"CODE_SIGN_IDENTITY[sdk=iphoneos*]" = "iPhone Developer";
				FRAMEWORK_SEARCH_PATHS = "/Users/guoj/Downloads/opencv-2.4.13";
				GCC_INPUT_FILETYPE = sourcecode.c.objc;
				GCC_PRECOMPILE_PREFIX_HEADER = YES;
				GCC_PREFIX_HEADER = "Tracker/Tracker-Prefix.pch";
				HEADER_SEARCH_PATHS = (
					"/Users/guoj/Downloads/KCFcpp-master/src",
					"/Users/guoj/Downloads/opencv-2.4.13/include/opencv2",
				);
				INFOPLIST_FILE = Tracker/Info.plist;
				LD_RUNPATH_SEARCH_PATHS = "$(inherited) @executable_path/Frameworks";
				PRODUCT_BUNDLE_IDENTIFIER = Jack.Tracker;
				PRODUCT_NAME = "$(TARGET_NAME)";
				PROVISIONING_PROFILE = "";
				SWIFT_OBJC_BRIDGING_HEADER = "Tracker/Tracker-Bridging-Header.h";
				SWIFT_VERSION = 3.0;
			};
			name = Release;
		};
/* End XCBuildConfiguration section */

/* Begin XCConfigurationList section */
		3867F65E1D6D554F00E660BB /* Build configuration list for PBXProject "Tracker" */ = {
			isa = XCConfigurationList;
			buildConfigurations = (
				3867F6731D6D554F00E660BB /* Debug */,
				3867F6741D6D554F00E660BB /* Release */,
			);
			defaultConfigurationIsVisible = 0;
			defaultConfigurationName = Release;
		};
		3867F6751D6D554F00E660BB /* Build configuration list for PBXNativeTarget "Tracker" */ = {
			isa = XCConfigurationList;
			buildConfigurations = (
				3867F6761D6D554F00E660BB /* Debug */,
				3867F6771D6D554F00E660BB /* Release */,
			);
			defaultConfigurationIsVisible = 0;
			defaultConfigurationName = Release;
		};
/* End XCConfigurationList section */
	};
	rootObject = 3867F65B1D6D554F00E660BB /* Project object */;
}
